
Microsoft Visual Studio Solution File, Format Version 12.00
# Visual Studio 15
VisualStudioVersion = 15.0.27130.2024
MinimumVisualStudioVersion = 10.0.40219.1
Project("{FAE04EC0-301F-11D3-BF4B-00C04F79EFBC}") = "LUSIDLRUCacheTests", "LUSIDLRUCacheTests\LUSIDLRUCacheTests.csproj", "{29B39DFF-8593-4D8A-987F-C795C884BA2A}"
EndProject
Project("{9A19103F-16F7-4668-BE54-9A1E7A4F7556}") = "LUSIDLRUCache", "LUSIDLRUCache\LUSIDLRUCache.csproj", "{9E5A01A5-130C-4FC2-9518-67D575D76212}"
EndProject
Global
	GlobalSection(SolutionConfigurationPlatforms) = preSolution
		Debug|Any CPU = Debug|Any CPU
		Release|Any CPU = Release|Any CPU
	EndGlobalSection
	GlobalSection(ProjectConfigurationPlatforms) = postSolution
		{29B39DFF-8593-4D8A-987F-C795C884BA2A}.Debug|Any CPU.ActiveCfg = Debug|Any CPU
		{29B39DFF-8593-4D8A-987F-C795C884BA2A}.Debug|Any CPU.Build.0 = Debug|Any CPU
		{29B39DFF-8593-4D8A-987F-C795C884BA2A}.Release|Any CPU.ActiveCfg = Release|Any CPU
		{29B39DFF-8593-4D8A-987F-C795C884BA2A}.Release|Any CPU.Build.0 = Release|Any CPU
		{9E5A01A5-130C-4FC2-9518-67D575D76212}.Debug|Any CPU.ActiveCfg = Debug|Any CPU
		{9E5A01A5-130C-4FC2-9518-67D575D76212}.Debug|Any CPU.Build.0 = Debug|Any CPU
		{9E5A01A5-130C-4FC2-9518-67D575D76212}.Release|Any CPU.ActiveCfg = Release|Any CPU
		{9E5A01A5-130C-4FC2-9518-67D575D76212}.Release|Any CPU.Build.0 = Release|Any CPU
	EndGlobalSection
	GlobalSection(SolutionProperties) = preSolution
		HideSolutionNode = FALSE
	EndGlobalSection
	GlobalSection(ExtensibilityGlobals) = postSolution
		SolutionGuid = {FD79D248-795B-4261-A344-31D90A7BB4D3}
	EndGlobalSection
EndGlobal
